PODS:
  - AFNetworking (2.2.3):
    - AFNetworking/NSURLConnection
    - AFNetworking/NSURLSession
    - AFNetworking/Reachability
    - AFNetworking/Security
    - AFNetworking/Serialization
    - AFNetworking/UIKit
  - AFNetworking/NSURLConnection (2.2.3):
    - AFNetworking/Reachability
    - AFNetworking/Security
    - AFNetworking/Serialization
  - AFNetworking/NSURLSession (2.2.3):
    - AFNetworking/NSURLConnection
  - AFNetworking/Reachability (2.2.3)
  - AFNetworking/Security (2.2.3)
  - AFNetworking/Serialization (2.2.3)
  - AFNetworking/UIKit (2.2.3):
    - AFNetworking/NSURLConnection
    - AFNetworking/NSURLSession
  - AMWaveTransition (0.3)
  - CHTCollectionViewWaterfallLayout (0.6)
  - DACircularProgress (2.2.0)
  - JSONModel (0.13.0)
  - MBProgressHUD (0.8)
  - MRProgress (0.4.3):
    - MRProgress/ActivityIndicator
    - MRProgress/Blur
    - MRProgress/Circular
    - MRProgress/Helper
    - MRProgress/Icons
    - MRProgress/MessageInterceptor
    - MRProgress/NavigationBarProgress
    - MRProgress/Overlay
    - MRProgress/Stopable
    - MRProgress/WeakProxy
  - MRProgress/ActivityIndicator (0.4.3):
    - MRProgress/Stopable
  - MRProgress/Blur (0.4.3):
    - MRProgress/Helper
  - MRProgress/Circular (0.4.3):
    - MRProgress/Helper
    - MRProgress/Stopable
  - MRProgress/Helper (0.4.3)
  - MRProgress/Icons (0.4.3)
  - MRProgress/MessageInterceptor (0.4.3)
  - MRProgress/NavigationBarProgress (0.4.3)
  - MRProgress/Overlay (0.4.3):
    - MRProgress/ActivityIndicator
    - MRProgress/Blur
    - MRProgress/Circular
    - MRProgress/Helper
    - MRProgress/Icons
  - MRProgress/Stopable (0.4.3):
    - MRProgress/Helper
  - MRProgress/WeakProxy (0.4.3)
  - MWPhotoBrowser (1.4.0):
    - DACircularProgress
    - MBProgressHUD (~> 0.8)
    - PSTCollectionView (~> 1.2)
    - SDWebImage (~> 3.5.4)
  - PSTCollectionView (1.2.1)
  - REFrostedViewController (2.4.5)
  - RMDateSelectionViewController (1.2.1)
  - SDWebImage (3.5.4):
    - SDWebImage/Core
  - SDWebImage/Core (3.5.4)
  - SVPullToRefresh (0.4.1)
  - UIView+AutoLayout (1.3.0)

DEPENDENCIES:
  - AFNetworking (~> 2.2.3)
  - AMWaveTransition (~> 0.3)
  - CHTCollectionViewWaterfallLayout (~> 0.6)
  - JSONModel (~> 0.13.0)
  - MBProgressHUD (~> 0.8)
  - MRProgress (~> 0.4.3)
  - MWPhotoBrowser (~> 1.4.0)
  - REFrostedViewController (~> 2.4.5)
  - RMDateSelectionViewController (~> 1.2.1)
  - SDWebImage (~> 3.5.4)
  - SVPullToRefresh (~> 0.4.1)
  - UIView+AutoLayout (~> 1.3.0)

SPEC CHECKSUMS:
  AFNetworking: 47947303319594706f48a55185ea95a95159ab94
  AMWaveTransition: 270b861311986502563b41edb9923b22a73d8e13
  CHTCollectionViewWaterfallLayout: 849ae31d979db744b5170e48bcf3e7e726f5d682
  DACircularProgress: 3b41941891a56dc6aa17971f5322a9a38a6f446e
  JSONModel: 62ea96b49ea18a8b91ef89c249dba291d8601d82
  MBProgressHUD: c356980b0cd097f19acec959b49dca5eb8ec31be
  MRProgress: e588fb8d0fba293715eaf0e485dd8402f4ce1de6
  MWPhotoBrowser: 4efcdb9da34751f97992128a5356f3929d1af537
  PSTCollectionView: a63299550ad566b579479d07cb5e2bf61148686b
  REFrostedViewController: 93c85bf09c95c8166fc5314aa6811fb33611afb7
  RMDateSelectionViewController: f633c22b50c35ab1e7dc3178e790842569fbf92a
  SDWebImage: 571295c8acbb699505a0f68e54506147c3de9ea7
  SVPullToRefresh: d5161ebc833a38b465364412e5e307ca80bbb190
  UIView+AutoLayout: dc24ec6114498617510af759148a05b957af1b38

COCOAPODS: 0.32.1
